
Microsoft Visual Studio Solution File, Format Version 12.00
# Visual Studio Version 17
VisualStudioVersion = 17.11.35118.90
MinimumVisualStudioVersion = 10.0.40219.1
Project("{9A19103F-16F7-4668-BE54-9A1E7A4F7556}") = "ActManager", "ActManager\ActManager.csproj", "{23E7916C-6B12-4B93-8807-F501066E460B}"
EndProject
Project("{9A19103F-16F7-4668-BE54-9A1E7A4F7556}") = "ActManager.Modules.General", "ActManager.Modules.General\ActManager.Modules.General.csproj", "{A02D1579-5CF6-4E62-B251-24BC1D7C59C5}"
EndProject
Project("{9A19103F-16F7-4668-BE54-9A1E7A4F7556}") = "ActManager.Modules.InfoBoard", "ActManager.Modules.InfoBoard\ActManager.Modules.InfoBoard.csproj", "{8CA4EB75-0F9E-4C77-A2F4-420E0496624C}"
EndProject
Project("{FAE04EC0-301F-11D3-BF4B-00C04F79EFBC}") = "ActManager.Modules.Header", "ActManager.Modules.Header\ActManager.Modules.Header.csproj", "{4BC2F529-B8AF-4C2E-8953-5328F1EA7068}"
EndProject
Project("{FAE04EC0-301F-11D3-BF4B-00C04F79EFBC}") = "ActManager.Modules.LeftBoard", "ActManager.Modules.LeftBoard\ActManager.Modules.LeftBoard.csproj", "{11F03327-606A-49F6-8C19-603D0F33FDA2}"
EndProject
Project("{FAE04EC0-301F-11D3-BF4B-00C04F79EFBC}") = "ActManager.Modules.RightBoard", "ActManager.Modules.RightBoard\ActManager.Modules.RightBoard.csproj", "{ABCB1994-8F93-4B8D-BF8A-658DF6BAB490}"
EndProject
Project("{2150E333-8FDC-42A3-9474-1A3956D46DE8}") = "Domain", "Domain", "{65C8A952-1043-44A2-9986-0EC02D8D59B0}"
EndProject
Project("{FAE04EC0-301F-11D3-BF4B-00C04F79EFBC}") = "ActManager.Domain", "ActManager.Domain\ActManager.Domain.csproj", "{01801F9B-2BA0-4F9C-B699-93E7C9187D5F}"
EndProject
Project("{FAE04EC0-301F-11D3-BF4B-00C04F79EFBC}") = "ActManager.Domain.Models", "ActManager.Domain.Models\ActManager.Domain.Models.csproj", "{FDC2EE83-C1C7-41CC-AE8B-D5AF515FE33B}"
EndProject
Project("{FAE04EC0-301F-11D3-BF4B-00C04F79EFBC}") = "ActManager.Domain.Repositories", "ActManager.Domain.Repositories\ActManager.Domain.Repositories.csproj", "{547FD506-CD50-4D89-BABB-44D1190BCC67}"
EndProject
Project("{FAE04EC0-301F-11D3-BF4B-00C04F79EFBC}") = "ActManager.Core", "ActManager.Core\ActManager.Core.csproj", "{01A1CCFE-51F6-4E27-B023-B143F3042924}"
EndProject
Project("{FAE04EC0-301F-11D3-BF4B-00C04F79EFBC}") = "ActManager.Modules.MainMenu", "ActManager.Modules.MainMenu\ActManager.Modules.MainMenu.csproj", "{6779B7D2-591C-4E2F-A672-406DF70B96D9}"
EndProject
Project("{2150E333-8FDC-42A3-9474-1A3956D46DE8}") = "Menu", "Menu", "{75F3C4F8-7E5D-44C6-906D-B13DD81125D7}"
EndProject
Project("{FAE04EC0-301F-11D3-BF4B-00C04F79EFBC}") = "ActManager.Modules.CalendarMenu", "ActManager.Modules.CalendarMenu\ActManager.Modules.CalendarMenu.csproj", "{EF571ACE-590B-48B2-BD5D-D786D60DB837}"
EndProject
Project("{FAE04EC0-301F-11D3-BF4B-00C04F79EFBC}") = "ActManager.Modules.Buildings", "ActManager.Modules.Buildings\ActManager.Modules.Buildings.csproj", "{D88B544D-7A15-43AA-847C-EE621C2B47D9}"
EndProject
Project("{FAE04EC0-301F-11D3-BF4B-00C04F79EFBC}") = "ActManager.Events", "AcrManager.Events\ActManager.Events.csproj", "{F51BAAFC-9464-445A-9B17-407775C50B3E}"
EndProject
Global
	GlobalSection(SolutionConfigurationPlatforms) = preSolution
		Debug|Any CPU = Debug|Any CPU
		Release|Any CPU = Release|Any CPU
	EndGlobalSection
	GlobalSection(ProjectConfigurationPlatforms) = postSolution
		{23E7916C-6B12-4B93-8807-F501066E460B}.Debug|Any CPU.ActiveCfg = Debug|Any CPU
		{23E7916C-6B12-4B93-8807-F501066E460B}.Debug|Any CPU.Build.0 = Debug|Any CPU
		{23E7916C-6B12-4B93-8807-F501066E460B}.Release|Any CPU.ActiveCfg = Release|Any CPU
		{23E7916C-6B12-4B93-8807-F501066E460B}.Release|Any CPU.Build.0 = Release|Any CPU
		{A02D1579-5CF6-4E62-B251-24BC1D7C59C5}.Debug|Any CPU.ActiveCfg = Debug|Any CPU
		{A02D1579-5CF6-4E62-B251-24BC1D7C59C5}.Debug|Any CPU.Build.0 = Debug|Any CPU
		{A02D1579-5CF6-4E62-B251-24BC1D7C59C5}.Release|Any CPU.ActiveCfg = Release|Any CPU
		{A02D1579-5CF6-4E62-B251-24BC1D7C59C5}.Release|Any CPU.Build.0 = Release|Any CPU
		{8CA4EB75-0F9E-4C77-A2F4-420E0496624C}.Debug|Any CPU.ActiveCfg = Debug|Any CPU
		{8CA4EB75-0F9E-4C77-A2F4-420E0496624C}.Debug|Any CPU.Build.0 = Debug|Any CPU
		{8CA4EB75-0F9E-4C77-A2F4-420E0496624C}.Release|Any CPU.ActiveCfg = Release|Any CPU
		{8CA4EB75-0F9E-4C77-A2F4-420E0496624C}.Release|Any CPU.Build.0 = Release|Any CPU
		{4BC2F529-B8AF-4C2E-8953-5328F1EA7068}.Debug|Any CPU.ActiveCfg = Debug|Any CPU
		{4BC2F529-B8AF-4C2E-8953-5328F1EA7068}.Debug|Any CPU.Build.0 = Debug|Any CPU
		{4BC2F529-B8AF-4C2E-8953-5328F1EA7068}.Release|Any CPU.ActiveCfg = Release|Any CPU
		{4BC2F529-B8AF-4C2E-8953-5328F1EA7068}.Release|Any CPU.Build.0 = Release|Any CPU
		{11F03327-606A-49F6-8C19-603D0F33FDA2}.Debug|Any CPU.ActiveCfg = Debug|Any CPU
		{11F03327-606A-49F6-8C19-603D0F33FDA2}.Debug|Any CPU.Build.0 = Debug|Any CPU
		{11F03327-606A-49F6-8C19-603D0F33FDA2}.Release|Any CPU.ActiveCfg = Release|Any CPU
		{11F03327-606A-49F6-8C19-603D0F33FDA2}.Release|Any CPU.Build.0 = Release|Any CPU
		{ABCB1994-8F93-4B8D-BF8A-658DF6BAB490}.Debug|Any CPU.ActiveCfg = Debug|Any CPU
		{ABCB1994-8F93-4B8D-BF8A-658DF6BAB490}.Debug|Any CPU.Build.0 = Debug|Any CPU
		{ABCB1994-8F93-4B8D-BF8A-658DF6BAB490}.Release|Any CPU.ActiveCfg = Release|Any CPU
		{ABCB1994-8F93-4B8D-BF8A-658DF6BAB490}.Release|Any CPU.Build.0 = Release|Any CPU
		{01801F9B-2BA0-4F9C-B699-93E7C9187D5F}.Debug|Any CPU.ActiveCfg = Debug|Any CPU
		{01801F9B-2BA0-4F9C-B699-93E7C9187D5F}.Debug|Any CPU.Build.0 = Debug|Any CPU
		{01801F9B-2BA0-4F9C-B699-93E7C9187D5F}.Release|Any CPU.ActiveCfg = Release|Any CPU
		{01801F9B-2BA0-4F9C-B699-93E7C9187D5F}.Release|Any CPU.Build.0 = Release|Any CPU
		{FDC2EE83-C1C7-41CC-AE8B-D5AF515FE33B}.Debug|Any CPU.ActiveCfg = Debug|Any CPU
		{FDC2EE83-C1C7-41CC-AE8B-D5AF515FE33B}.Debug|Any CPU.Build.0 = Debug|Any CPU
		{FDC2EE83-C1C7-41CC-AE8B-D5AF515FE33B}.Release|Any CPU.ActiveCfg = Release|Any CPU
		{FDC2EE83-C1C7-41CC-AE8B-D5AF515FE33B}.Release|Any CPU.Build.0 = Release|Any CPU
		{547FD506-CD50-4D89-BABB-44D1190BCC67}.Debug|Any CPU.ActiveCfg = Debug|Any CPU
		{547FD506-CD50-4D89-BABB-44D1190BCC67}.Debug|Any CPU.Build.0 = Debug|Any CPU
		{547FD506-CD50-4D89-BABB-44D1190BCC67}.Release|Any CPU.ActiveCfg = Release|Any CPU
		{547FD506-CD50-4D89-BABB-44D1190BCC67}.Release|Any CPU.Build.0 = Release|Any CPU
		{01A1CCFE-51F6-4E27-B023-B143F3042924}.Debug|Any CPU.ActiveCfg = Debug|Any CPU
		{01A1CCFE-51F6-4E27-B023-B143F3042924}.Debug|Any CPU.Build.0 = Debug|Any CPU
		{01A1CCFE-51F6-4E27-B023-B143F3042924}.Release|Any CPU.ActiveCfg = Release|Any CPU
		{01A1CCFE-51F6-4E27-B023-B143F3042924}.Release|Any CPU.Build.0 = Release|Any CPU
		{6779B7D2-591C-4E2F-A672-406DF70B96D9}.Debug|Any CPU.ActiveCfg = Debug|Any CPU
		{6779B7D2-591C-4E2F-A672-406DF70B96D9}.Debug|Any CPU.Build.0 = Debug|Any CPU
		{6779B7D2-591C-4E2F-A672-406DF70B96D9}.Release|Any CPU.ActiveCfg = Release|Any CPU
		{6779B7D2-591C-4E2F-A672-406DF70B96D9}.Release|Any CPU.Build.0 = Release|Any CPU
		{EF571ACE-590B-48B2-BD5D-D786D60DB837}.Debug|Any CPU.ActiveCfg = Debug|Any CPU
		{EF571ACE-590B-48B2-BD5D-D786D60DB837}.Debug|Any CPU.Build.0 = Debug|Any CPU
		{EF571ACE-590B-48B2-BD5D-D786D60DB837}.Release|Any CPU.ActiveCfg = Release|Any CPU
		{EF571ACE-590B-48B2-BD5D-D786D60DB837}.Release|Any CPU.Build.0 = Release|Any CPU
		{D88B544D-7A15-43AA-847C-EE621C2B47D9}.Debug|Any CPU.ActiveCfg = Debug|Any CPU
		{D88B544D-7A15-43AA-847C-EE621C2B47D9}.Debug|Any CPU.Build.0 = Debug|Any CPU
		{D88B544D-7A15-43AA-847C-EE621C2B47D9}.Release|Any CPU.ActiveCfg = Release|Any CPU
		{D88B544D-7A15-43AA-847C-EE621C2B47D9}.Release|Any CPU.Build.0 = Release|Any CPU
		{F51BAAFC-9464-445A-9B17-407775C50B3E}.Debug|Any CPU.ActiveCfg = Debug|Any CPU
		{F51BAAFC-9464-445A-9B17-407775C50B3E}.Debug|Any CPU.Build.0 = Debug|Any CPU
		{F51BAAFC-9464-445A-9B17-407775C50B3E}.Release|Any CPU.ActiveCfg = Release|Any CPU
		{F51BAAFC-9464-445A-9B17-407775C50B3E}.Release|Any CPU.Build.0 = Release|Any CPU
	EndGlobalSection
	GlobalSection(SolutionProperties) = preSolution
		HideSolutionNode = FALSE
	EndGlobalSection
	GlobalSection(NestedProjects) = preSolution
		{01801F9B-2BA0-4F9C-B699-93E7C9187D5F} = {65C8A952-1043-44A2-9986-0EC02D8D59B0}
		{FDC2EE83-C1C7-41CC-AE8B-D5AF515FE33B} = {65C8A952-1043-44A2-9986-0EC02D8D59B0}
		{547FD506-CD50-4D89-BABB-44D1190BCC67} = {65C8A952-1043-44A2-9986-0EC02D8D59B0}
		{6779B7D2-591C-4E2F-A672-406DF70B96D9} = {75F3C4F8-7E5D-44C6-906D-B13DD81125D7}
		{EF571ACE-590B-48B2-BD5D-D786D60DB837} = {75F3C4F8-7E5D-44C6-906D-B13DD81125D7}
		{D88B544D-7A15-43AA-847C-EE621C2B47D9} = {75F3C4F8-7E5D-44C6-906D-B13DD81125D7}
	EndGlobalSection
	GlobalSection(ExtensibilityGlobals) = postSolution
		SolutionGuid = {6F510BAD-86D1-42B1-8A35-AD75DE421179}
	EndGlobalSection
EndGlobal
